version = 1
revision = 3
requires-python = ">=3.12"

[[package]]
name = "arknights-relationship-api"
version = "0.1.0"
source = { virtual = "." }
dependencies = [
    { name = "django" },
    { name = "djangorestframework" },
    { name = "gunicorn" },
    { name = "psycopg", extra = ["binary"] },
]

[package.dev-dependencies]
assets = [
    { name = "opencv-python-headless" },
]
dev = [
    { name = "ruff" },
]

[package.metadata]
requires-dist = [
    { name = "django", specifier = ">=5.2.12,<5.3" },
    { name = "djangorestframework", specifier = ">=3.16,<4" },
    { name = "gunicorn", specifier = ">=23,<24" },
    { name = "psycopg", extras = ["binary"], specifier = ">=3.2,<4" },
]

[package.metadata.requires-dev]
assets = [{ name = "opencv-python-headless", specifier = "<5" }]
dev = [{ name = "ruff", specifier = ">=0.12" }]

[[package]]
name = "asgiref"
version = "3.12.1"
source = { registry = "https://mirrors.aliyun.com/pypi/simple/" }
sdist = { url = "https://mirrors.aliyun.com/pypi/packages/e6/26/3b59f2bdae5f640389becb1f673cded775287f5fc4f816309d9ca9a3f93d/asgiref-3.12.1.tar.gz", hash = "sha256:59dcb51c272ad209d59bed5708a64a333083e86017d7fcdd67498eeab7784340" }
wheels = [
    { url = "https://mirrors.aliyun.com/pypi/packages/c0/1b/54f4ad77cd8a584fa70746c47df988e002cf1ee1eba43364d46f87803647/asgiref-3.12.1-py3-none-any.whl", hash = "sha256:fe386d1c2bff7259ea95929266d12a8cf9a8b5a1c2598402967d8792e7a7c094" },
]

[[package]]
name = "django"
version = "5.2.17"
source = { registry = "https://mirrors.aliyun.com/pypi/simple/" }
dependencies = [
    { name = "asgiref" },
    { name = "sqlparse" },
    { name = "tzdata", marker = "sys_platform == 'win32'" },
]
sdist = { url = "https://mirrors.aliyun.com/pypi/packages/d5/d8/43e9d000519adceb189620b6869ff88031e046df91c2e9da72f8f6918399/django-5.2.17.tar.gz", hash = "sha256:9d4d93be539a18ab80d058eb515900e10951e04c537c5a6b394fc49528d3251f" }
wheels = [
    { url = "https://mirrors.aliyun.com/pypi/packages/df/f8/ce120525ca78f12b07daf65786679c5d0b54a75285a8958d3ae55e39da35/django-5.2.17-py3-none-any.whl", hash = "sha256:f04fb3b36ee119e1af4fa1d397d5fd6cf12700f49321e84d4f4c642c5b1973db" },
]

[[package]]
name = "djangorestframework"
version = "3.18.1"
source = { registry = "https://mirrors.aliyun.com/pypi/simple/" }
dependencies = [
    { name = "django" },
]
sdist = { url = "https://mirrors.aliyun.com/pypi/packages/8a/2e/b3ce9d449b1ed9f9dd74fb7dfbc5f20860d5f40c2b4b10a2c3eabd8ff579/djangorestframework-3.18.1.tar.gz", hash = "sha256:605d79fa2ec2f02905492e5ea13d903c2d842d0b4c915a57f7bf02ab9f3c91dd" }
wheels = [
    { url = "https://mirrors.aliyun.com/pypi/packages/e8/83/5ed615e47339d8e65f62eb1a8133f8f046492eb3a25ad40d90acb9a208b3/djangorestframework-3.18.1-py3-none-any.whl", hash = "sha256:f1409d698967aaf82d5d98d76b549c8fba8bd92ebd0d83d24454508f72168dc2" },
]

[[package]]
name = "gunicorn"
version = "23.0.0"
source = { registry = "https://mirrors.aliyun.com/pypi/simple/" }
dependencies = [
    { name = "packaging" },
]
sdist = { url = "https://mirrors.aliyun.com/pypi/packages/34/72/9614c465dc206155d93eff0ca20d42e1e35afc533971379482de953521a4/gunicorn-23.0.0.tar.gz", hash = "sha256:f014447a0101dc57e294f6c18ca6b40227a4c90e9bdb586042628030cba004ec" }
wheels = [
    { url = "https://mirrors.aliyun.com/pypi/packages/cb/7d/6dac2a6e1eba33ee43f318edbed4ff29151a49b5d37f080aad1e6469bca4/gunicorn-23.0.0-py3-none-any.whl", hash = "sha256:ec400d38950de4dfd418cff8328b2c8faed0edb0d517d3394e457c317908ca4d" },
]

[[package]]
name = "numpy"
version = "2.5.3"
source = { registry = "https://mirrors.aliyun.com/pypi/simple/" }
sdist = { url = "https://mirrors.aliyun.com/pypi/packages/13/01/11703282db468b85f6f7b8c7f22d058de5970d5c7e60a3a8aaa313c3de36/numpy-2.5.3.tar.gz", hash = "sha256:df2d5874ff183595a4ba404edd04f6bd9b5505c1d7708573f6a6c17489a67563" }
wheels = [
    { url = "https://mirrors.aliyun.com/pypi/packages/d6/50/8fdbb16af64895706a45f06a4068e29db732ec180f3c1375f14123359138/numpy-2.5.3-cp312-cp312-macosx_10_13_x86_64.whl", hash = "sha256:cb189f09db39283b26bfd061ec16189e14f71c6755207f72a0f7540867afe5b9" },
    { url = "https://mirrors.aliyun.com/pypi/packages/60/39/789131c1188c078dcb3a1692e72e1e050c68b88ffe72c9ccaac9bcd7a9cd/numpy-2.5.3-cp312-cp312-macosx_11_0_arm64.whl", hash = "sha256:f59a878c33d6b88122d80d239bb3b845d58708750b0cb06a09aebb9b18ec696c" },
    { url = "https://mirrors.aliyun.com/pypi/packages/9c/59/a312e95696e5f601914dd8b6dd844692ba61670807417e24b68e337b5c70/numpy-2.5.3-cp312-cp312-macosx_14_0_arm64.whl", hash = "sha256:a72f874bc9e10e4b8f80426fb49716d5141f64442a0c8418065093ec8017fbb0" },
    { url = "https://mirrors.aliyun.com/pypi/packages/30/d0/5623a1707ed4fe16e3909fe3cf5ee3da004ae677ad23d83bbf3adf1a6faf/numpy-2.5.3-cp312-cp312-macosx_14_0_x86_64.whl", hash = "sha256:fc36dc566135b5eceec4cf89758fcb719266a019ef07dae1754ae7c9f617ef3e" },
    { url = "https://mirrors.aliyun.com/pypi/packages/f1/32/84146fc020ad3c25f805f70ab60da46fe3c540a21369754a7e4369754b6f/numpy-2.5.3-cp312-cp312-manylinux_2_27_aarch64.manylinux_2_28_aarch64.whl", hash = "sha256:76c2c1e6bfa5c84adc6434dfbf013aa92096a7985221762c8f11fedfd20fff58" },
    { url = "https://mirrors.aliyun.com/pypi/packages/65/af/aa78d1a88805456e212b65461354cd943197fb9acecc4c90fd12295123a3/numpy-2.5.3-cp312-cp312-manylinux_2_27_x86_64.manylinux_2_28_x86_64.whl", hash = "sha256:b7e18c623bb5c95acb3b3328861272816ba199fb531921c5d6d0b675f1fde9e3" },
    { url = "https://mirrors.aliyun.com/pypi/packages/3b/24/faa79d865e69a97ba17473b23a1b74094b2259c03e820c70297293b9ea49/numpy-2.5.3-cp312-cp312-musllinux_1_2_aarch64.whl", hash = "sha256:4f8929ee6c96bfbd7b4ed2032e0c03af86fe1826740ab61ddabf9072d06e57ff" },
    { url = "https://mirrors.aliyun.com/pypi/packages/62/4a/8877e629445a7176297dffcaf9c485faa96a95d81728a62521ad55bd4c0f/numpy-2.5.3-cp312-cp312-musllinux_1_2_x86_64.whl", hash = "sha256:b5d93cf48f687479941d12b69c873ad2cc76bbd487f0091c2200636497f34034" },
    { url = "https://mirrors.aliyun.com/pypi/packages/c8/db/35e1c2d38b04cbd5b731f9d71495e055e813197669d22b612f11748d2ff9/numpy-2.5.3-cp312-cp312-win32.whl", hash = "sha256:bf63afbe037eb5d2fe87fbcc7778e61da53ebaf21d938a4515aa73b62532a5d4" },
    { url = "https://mirrors.aliyun.com/pypi/packages/3c/a1/accf6d4f0c80c5d9ba9735d6b1550e444180599f34dec69ca01360f717ad/numpy-2.5.3-cp312-cp312-win_amd64.whl", hash = "sha256:0a59a421a32580a009e8a1751345bf829631b990dc1794b80514ab722b435def" },
    { url = "https://mirrors.aliyun.com/pypi/packages/22/43/1764aff32e4652526ae2f71fa8b3efd8d25c8a3d6926914454e47138ed1e/numpy-2.5.3-cp312-cp312-win_arm64.whl", hash = "sha256:ccb32e0525d29e8b0572eb84c9a57af0e7a4e615726927506f55063c62414034" },
    { url = "https://mirrors.aliyun.com/pypi/packages/79/e5/8fb89cd46d14e35699d13bf943a5f5f441ecee8667120a1f6105ab89e349/numpy-2.5.3-cp313-cp313-macosx_10_13_x86_64.whl", hash = "sha256:66a78fe4556c60aceda5916f9eacd638b18e9e681016ec302dcb4682d6d4d034" },
    { url = "https://mirrors.aliyun.com/pypi/packages/2f/06/9dc9e48b5e5e941c8b10350c5ff2d721da42a20517d911d15544246775ff/numpy-2.5.3-cp313-cp313-macosx_11_0_arm64.whl", hash = "sha256:92f30e89b8ee0ecf363033576c422b2f58fed6a80bed0aa48dff6d14c654663e" },
    { url = "https://mirrors.aliyun.com/pypi/packages/ab/2a/98282aa5b8f58b1157d440bb6282eed47e3632a5de53a714fbab17e659fe/numpy-2.5.3-cp313-cp313-macosx_14_0_arm64.whl", hash = "sha256:f9a2353b37a1a9e78fd82b27ad7e2a32a2d036604d18f02b05e3136c62ca3b09" },
    { url = "https://mirrors.aliyun.com/pypi/packages/a1/f9/b6533d777be9d6ffd29dc1be0867e563e6e8cc9a220ff1b716adc317f060/numpy-2.5.3-cp313-cp313-macosx_14_0_x86_64.whl", hash = "sha256:ccbc4665079665c3cf3bab4db9f6b095370cd6437d66be549b6c2a1fd19e1958" },
    { url = "https://mirrors.aliyun.com/pypi/packages/73/85/735720d04ec197c5dcfacdfc9922667c7f1f5f496a279b7ba4d7c74c4cc7/numpy-2.5.3-cp313-cp313-manylinux_2_27_aarch64.manylinux_2_28_aarch64.whl", hash = "sha256:c76d5dde9f445058f83d0c02af00557a4db91de9a9a57c0df87d1535001d654b" },
    { url = "https://mirrors.aliyun.com/pypi/packages/3a/1b/3b16a9bc514a440a7a0883684111dcb1ef1aee960af2ca95da8fc775f124/numpy-2.5.3-cp313-cp313-manylinux_2_27_x86_64.manylinux_2_28_x86_64.whl", hash = "sha256:a5fa86b80fd24bcd1aff83ad23be44ea323de3f787be8f8b15d4a65621e25321" },
    { url = "https://mirrors.aliyun.com/pypi/packages/69/c4/386f397831b07328b639c96c5b62719346cf4baf07c68d927239752b1534/numpy-2.5.3-cp313-cp313-musllinux_1_2_aarch64.whl", hash = "sha256:bd4cb9ad3c7889b9b3fe0a9a9fb5d2ed26f9879bff2608d9f01aed147a20d231" },
    { url = "https://mirrors.aliyun.com/pypi/packages/5f/3e/a700ecbf36e85ae8328fd3b0e12eeddc22ed6358a64cb2bd913e0d195d65/numpy-2.5.3-cp313-cp313-musllinux_1_2_x86_64.whl", hash = "sha256:1302b90c0e52281681b2975adfe8a860cb7b12216a27b4b0b4207c44bf7bccf0" },
    { url = "https://mirrors.aliyun.com/pypi/packages/41/ee/38e785e88a4045f6ad1d1f2808dcdfafdca48c760260c0587bf171e29fc9/numpy-2.5.3-cp313-cp313-win32.whl", hash = "sha256:1c80eabb4035ecf4ca9cd49cde8a9fdd69a729e63e6474887d1523ade7aa277f" },
    { url = "https://mirrors.aliyun.com/pypi/packages/f3/ec/100f2b1794ede74a9b3d7ec6b9736927f56713414c1dfe19ab6c383494bf/numpy-2.5.3-cp313-cp313-win_amd64.whl", hash = "sha256:71cad2b2a7451ab79d8f5e71b453485b6775963d5cf794179144a7463fe6e8ec" },
    { url = "https://mirrors.aliyun.com/pypi/packages/80/b1/7dc825ca94c12acebbce4c37caa5e198695eb31424bc579679f32b1bb49d/numpy-2.5.3-cp313-cp313-win_arm64.whl", hash = "sha256:8e4dd766076855b5ff7ea52fa5f07ce26286726e0f8bff446b7739d02e6ea204" },
    { url = "https://mirrors.aliyun.com/pypi/packages/70/78/cf416f15dc29375a229d9dfebf8db6e313f291580b39fa1a568b6052bb07/numpy-2.5.3-cp314-cp314-macosx_10_15_x86_64.whl", hash = "sha256:350ba9783ce969cf9f7ce6e6a9a58e1a6e2a19ca025b7ee448c4db727706212a" },
    { url = "https://mirrors.aliyun.com/pypi/packages/9e/59/abcc2d8def4fd60eec7d87f92d27c13448ffd9ab14339bcc63a0d7a2fdea/numpy-2.5.3-cp314-cp314-macosx_11_0_arm64.whl", hash = "sha256:012e66aca395d795496446e52aeeb5866312a5d4d3f27da270e5a0b43f70dc5c" },
    { url = "https://mirrors.aliyun.com/pypi/packages/94/75/4640d2d6e4b64a049e48425a82728a41ef4adb61332d2cba68055774878b/numpy-2.5.3-cp314-cp314-macosx_14_0_arm64.whl", hash = "sha256:adc1ada2662f8a5f960b8a10d9986897e7499ef07e06d4cfe7197f8cce923c07" },
    { url = "https://mirrors.aliyun.com/pypi/packages/96/cd/625b57ae33d4ca560f32cc0b47b4a5922146d9beb998ddf773900d440a73/numpy-2.5.3-cp314-cp314-macosx_14_0_x86_64.whl", hash = "sha256:54a115e5a73b8fc44f0cebef486365a1894b5c9760685d4558b72b7c3eb846e0" },
    { url = "https://mirrors.aliyun.com/pypi/packages/9c/72/12918652e7912ef9751e8694c88820fcd1908e0618cb23f5f3caa6004b7b/numpy-2.5.3-cp314-cp314-manylinux_2_27_aarch64.manylinux_2_28_aarch64.whl", hash = "sha256:be5a8381859b6da607c84f4f7d6847725f1cf1853ef8a2c9e115b7d58bef47dc" },
    { url = "https://mirrors.aliyun.com/pypi/packages/45/8f/9beacf79ca7c650688ad0baa80931adb988fe6e6e5d5903c23cc3dbd70eb/numpy-2.5.3-cp314-cp314-manylinux_2_27_x86_64.manylinux_2_28_x86_64.whl", hash = "sha256:b0521d0f4aebb6e06189451025fa17a913287b13c03d5fe05c017333b654ea5b" },
    { url = "https://mirrors.aliyun.com/pypi/packages/09/8d/41d0a56e1ac4c87495c897a211b1368691b7237aadabec8b3b8f3a74d48f/numpy-2.5.3-cp314-cp314-musllinux_1_2_aarch64.whl", hash = "sha256:9deb49575e5b0b94ed72c8a64ec4d033381adc27e9060ae842971f697ba96104" },
    { url = "https://mirrors.aliyun.com/pypi/packages/08/1e/0dfbc5cc251d54e2af790f254d24ec38637fa97ec7d5d11de7ffed787098/numpy-2.5.3-cp314-cp314-musllinux_1_2_x86_64.whl", hash = "sha256:b00eefbcf0f292945c4b4dec2ae845389ef5bcdcd596e6e4328051db5b5ba694" },
    { url = "https://mirrors.aliyun.com/pypi/packages/b5/2c/dfa40f6991f8185c8c30ffd023dfcbb11888e823cfab9557b920f3bb7bed/numpy-2.5.3-cp314-cp314-win32.whl", hash = "sha256:c2381f82999704f818e2c987a865050e285ec3621262c66d40f5a96c8f899f8e" },
    { url = "https://mirrors.aliyun.com/pypi/packages/a4/73/d2c08231e4fde7e415501fd02c715d96e98599b2d8384445933944152984/numpy-2.5.3-cp314-cp314-win_amd64.whl", hash = "sha256:2c25dfa72943e4336ddb6b0ee4277b47a0c85bede0807530ec68103bf58e2c10" },
    { url = "https://mirrors.aliyun.com/pypi/packages/5c/e9/dcdcc9b95cf5f49815055573aee1b11cfbf5299f38a180e437ded050810f/numpy-2.5.3-cp314-cp314-win_arm64.whl", hash = "sha256:15aa985ac73a8db02db7663381aa109510449d3819d37206caed27b33a65a8a6" },
    { url = "https://mirrors.aliyun.com/pypi/packages/49/c4/af8bc08a7ef4e1529a7c0cf24969accce316b783999802089a581ec99272/numpy-2.5.3-cp314-cp314t-macosx_11_0_arm64.whl", hash = "sha256:ac7bb1c52d445bd4f8f7f97fefe6abc3a084dc4d63df50d79b17fa2b78e89297" },
    { url = "https://mirrors.aliyun.com/pypi/packages/c5/ae/0f15eb56d4ec5e13c1f7ff04ff407f997d1acbadb45d3e1f2e2645a8f43c/numpy-2.5.3-cp314-cp314t-macosx_14_0_arm64.whl", hash = "sha256:e6ab667ba76450084eb64013762c438ea76d9d29cc676dcd6c2e9892ba37f841" },
    { url = "https://mirrors.aliyun.com/pypi/packages/23/fb/c72a8f25d4b6e96c354e7ab45ace3b27dc11e5d6a13b6c7d0cd6b08bf112/numpy-2.5.3-cp314-cp314t-macosx_14_0_x86_64.whl", hash = "sha256:f7fabeb6cea87d65f3b926de33d03fb016cfdc29314c90974383b5582ae72891" },
    { url = "https://mirrors.aliyun.com/pypi/packages/07/a9/968c90ed2ab15060c338e8137f1215b5a60756ae07328e0a60d1c6734df4/numpy-2.5.3-cp314-cp314t-manylinux_2_27_aarch64.manylinux_2_28_aarch64.whl", hash = "sha256:1fb6f8fb9ff0b3a69f52c66ce397b0246583e9f28616231b0e32ca49259a5fa6" },
    { url = "https://mirrors.aliyun.com/pypi/packages/59/08/9df04103947b95e3b6b1f2ed1a70521f325647a31b82da6a2aae3a485508/numpy-2.5.3-cp314-cp314t-manylinux_2_27_x86_64.manylinux_2_28_x86_64.whl", hash = "sha256:93e1f5447e2b1e479d7bd74701e84746b86450cff1fc368b132d195e2b8f8211" },
    { url = "https://mirrors.aliyun.com/pypi/packages/41/a0/14c8d5fe5b53a334aabb653deb391c0fef49558f491880ea300ed6785224/numpy-2.5.3-cp314-cp314t-musllinux_1_2_aarch64.whl", hash = "sha256:c00abe94c1a69d75d827dcf1c025b25c8a45d230b3bcd77a9020883a1b047653" },
    { url = "https://mirrors.aliyun.com/pypi/packages/c4/a6/d7e96e42f01522e154c32489640f16dfc4f6181d165d05fc3bec8c2c4999/numpy-2.5.3-cp314-cp314t-musllinux_1_2_x86_64.whl", hash = "sha256:536f963710a4e63934d80ac0dc4f478804a83e9a84b6828018f25d09953ada33" },
    { url = "https://mirrors.aliyun.com/pypi/packages/25/39/3453afb7119d0449ef11c886874120ff180e2c337760e0e2d88f70f1a945/numpy-2.5.3-cp314-cp314t-win32.whl", hash = "sha256:4c8a6d2ebce6305fd82fbefca827775437147052a976ee7c94b36a0c1b52ac6c" },
    { url = "https://mirrors.aliyun.com/pypi/packages/99/01/22815d2b19a1a746b1d45205cffebb3fe511a18acb75fba6c88491fc9894/numpy-2.5.3-cp314-cp314t-win_amd64.whl", hash = "sha256:9a37475425b431b4d060f23b4f52cd2f3aef6bc7c654bd760adf0040eec9d435" },
    { url = "https://mirrors.aliyun.com/pypi/packages/fa/ee/a7cbba67eeaff038dc29ca8b98a88396c8b0cc9c89d4924f4a27a5c9150b/numpy-2.5.3-cp314-cp314t-win_arm64.whl", hash = "sha256:2d8240cb4c16fd831074aa2b2cf9fc54664d826341d61c372245b96a74a49a9a" },
    { url = "https://mirrors.aliyun.com/pypi/packages/45/56/78194492883ff5eec90423fe56a3a44b154da047d88a6307f629713c584f/numpy-2.5.3-cp315-cp315-macosx_10_15_x86_64.whl", hash = "sha256:a6391fafaba97500887132cd582abc6e19452b1ac775a47caa7b24490e152058" },
    { url = "https://mirrors.aliyun.com/pypi/packages/11/39/dd55c0af90bbab564b09ae3b0aa60ec5c02b900fa4f1ba23440525c8b32d/numpy-2.5.3-cp315-cp315-macosx_11_0_arm64.whl", hash = "sha256:09d5a423c71ad5feb5625844ad58050e35df43871004b52ac9c0ad44a56775be" },
    { url = "https://mirrors.aliyun.com/pypi/packages/b6/51/04f67d32e4862b281b1cb84ceeaed3421189a84fb6fb51a391cd6d5009f7/numpy-2.5.3-cp315-cp315-macosx_14_0_arm64.whl", hash = "sha256:f9579f383d1bf9df80081e72760e84960a7fd4f88cf0c9e535a8597c9bb646f5" },
    { url = "https://mirrors.aliyun.com/pypi/packages/a3/c9/25b4dc0dd1344ec26c7319e84fd4e9809d2b5628f4e12decd618036e5178/numpy-2.5.3-cp315-cp315-macosx_14_0_x86_64.whl", hash = "sha256:86bff898a431c0fb71f7610b75726e75a54d47b37edc9d537f48de63bb3c0b90" },
    { url = "https://mirrors.aliyun.com/pypi/packages/fc/c7/29285be1e5232a6e7ee3268a33c85843f5a8ee93350c6465cddd66ebbf76/numpy-2.5.3-cp315-cp315-manylinux_2_27_aarch64.manylinux_2_28_aarch64.whl", hash = "sha256:1f3ed25271581281f2fccb1adcedfcde4c07362eec69189b50baf6f90e3ae159" },
    { url = "https://mirrors.aliyun.com/pypi/packages/55/49/bbad5335fb4996a16881f853ff3e0ba582f01720e55c89b1c06b8fc42a90/numpy-2.5.3-cp315-cp315-manylinux_2_27_x86_64.manylinux_2_28_x86_64.whl", hash = "sha256:ffdc76bfcae6b255dff75202c5e7feaf95b40246bc0a17944facc1fecf9f79ab" },
    { url = "https://mirrors.aliyun.com/pypi/packages/ef/e9/1df35483760b04a65ea44669f89dc64f30e5aca098b48ceb8b1310b0e0fe/numpy-2.5.3-cp315-cp315-musllinux_1_2_aarch64.whl", hash = "sha256:116f96cadd935c6122e9228d676fe7ede19e741f5c8bb1c3cddbe0c51ccebea2" },
    { url = "https://mirrors.aliyun.com/pypi/packages/b8/99/66e54da8265cc8be8a7382bf96edce17aaa2837d6f484432025932a3caa5/numpy-2.5.3-cp315-cp315-musllinux_1_2_x86_64.whl", hash = "sha256:09ffa5d903faeaa5c4dd05009cf81c8bab9f2cb37c548b8d39b65b4cfa7c97f7" },
    { url = "https://mirrors.aliyun.com/pypi/packages/01/bc/b5e90a91c115168d793dfd2ad9c69c438c2fe7a13a437e770bc5b078e732/numpy-2.5.3-cp315-cp315-win32.whl", hash = "sha256:e01c918ac3d48e18a927cf7b14a26a3e29ff2bdf2eacb976da0aecd6a43ed034" },
    { url = "https://mirrors.aliyun.com/pypi/packages/37/ea/780748fd3985109075514ef8fc64cd25f943e40dde13a6d59141eb268fc8/numpy-2.5.3-cp315-cp315-win_amd64.whl", hash = "sha256:e931e4f499e0dc7ef29d269a8e5b35dd722e5d14be07df6240166ea7c6532fae" },
    { url = "https://mirrors.aliyun.com/pypi/packages/b3/16/407be69a2a87c8cab64d95975a8977a426a29e138f07e276ec258f0fe4e5/numpy-2.5.3-cp315-cp315-win_arm64.whl", hash = "sha256:26e15e4aecd8617dfbaecb37d223e365d7b39411fba20454be2670a96aa74cb5" },
    { url = "https://mirrors.aliyun.com/pypi/packages/44/bf/a97ffb01e41d50a32a9177aef942a4d0e389a3daf451d04e5f38ef6afb87/numpy-2.5.3-cp315-cp315t-macosx_10_15_x86_64.whl", hash = "sha256:6cef4bb1706dfec49243c05d921eefb4e190d41e2528b30d8035ea1f36b4c24a" },
    { url = "https://mirrors.aliyun.com/pypi/packages/d1/24/136c02f2c2af9a067a84d0c3aa10c99012c0476fa5066732fa4a4202557d/numpy-2.5.3-cp315-cp315t-macosx_11_0_arm64.whl", hash = "sha256:d1c89973648c85069c5046ad460f7b8a00218b29a2e42359ac8cc63e9ab94832" },
    { url = "https://mirrors.aliyun.com/pypi/packages/fe/6c/b47582d6597789bf946d5efbeb6b9e56fd8bcbd5efc6fbf51dbe1ea31eb3/numpy-2.5.3-cp315-cp315t-macosx_14_0_arm64.whl", hash = "sha256:214045a5bf00113a146ab9ee9730c44501af6723cdf1f6830932f7b5ef2e7af0" },
    { url = "https://mirrors.aliyun.com/pypi/packages/be/b4/ef3cc6da73774202d4deae16bb321fd8298a4e0561e3539f8c4be237d916/numpy-2.5.3-cp315-cp315t-macosx_14_0_x86_64.whl", hash = "sha256:8617bbfae4486cf99c9f899966699428d19da931d06ca94ad3da986c76e15997" },
    { url = "https://mirrors.aliyun.com/pypi/packages/9e/24/e3813329498596cb842703dcacac1741612ed9fb9c4e6a3e0c7e2ebbc597/numpy-2.5.3-cp315-cp315t-manylinux_2_27_aarch64.manylinux_2_28_aarch64.whl", hash = "sha256:595d020938c84e320bcf40ad71089e108eac0d377cd018e14a8c094f39e98d85" },
    { url = "https://mirrors.aliyun.com/pypi/packages/4a/9e/4e7a07fd0776dc2210cdacf2010be8665194d094defc10c419d7dea794cc/numpy-2.5.3-cp315-cp315t-manylinux_2_27_x86_64.manylinux_2_28_x86_64.whl", hash = "sha256:6f24021b9f22bc6301c37b196974a92c1c18dccedb6fef3dd252e95f2d6adbe4" },
    { url = "https://mirrors.aliyun.com/pypi/packages/91/db/01674c0e20335057813a00c2ebd546ed25bff9ed7914f9bced00f8c55d94/numpy-2.5.3-cp315-cp315t-musllinux_1_2_aarch64.whl", hash = "sha256:71b39d9f935b6ec0f8753e3e2afb51e3efba6f2e05b68b32a40754d24bcd4a3c" },
    { url = "https://mirrors.aliyun.com/pypi/packages/45/7a/584c5e71f8d378e57cac0b033891ed65c683ef90573ba4854e8c28203db0/numpy-2.5.3-cp315-cp315t-musllinux_1_2_x86_64.whl", hash = "sha256:6b05c171afb3aa07adbd20abc00aea86fe375beb0fdb9ef780ec5b7f63bab1c0" },
    { url = "https://mirrors.aliyun.com/pypi/packages/a1/d2/4e1014173aa3c55e6a756e0e567290743a6ab33a288460374d7ef6bcd239/numpy-2.5.3-cp315-cp315t-win32.whl", hash = "sha256:f54660b0eb6b0b9f36e7fe1cdfdff472028dd0d14acd9b9b65098efbad059469" },
    { url = "https://mirrors.aliyun.com/pypi/packages/6c/b0/ff5658a58199b7bcaad87bf260eef6713d9d42cca4e028f935b4fc5fbac6/numpy-2.5.3-cp315-cp315t-win_amd64.whl", hash = "sha256:1aad64d99730d013cfc6debafed22783b4fc5a7f4b8bc744d2d8cf7dcc880551" },
    { url = "https://mirrors.aliyun.com/pypi/packages/fb/0b/b12a2df5d1b774bd9007a6fdff9381145b6223d37f11afc9c37ab0efd9a1/numpy-2.5.3-cp315-cp315t-win_arm64.whl", hash = "sha256:befa1ae5bd6030b3f512b43ff3fa5290bbed6b84411a44244b14adf835f5b89d" },
]

[[package]]
name = "opencv-python-headless"
version = "4.14.0.94"
source = { registry = "https://mirrors.aliyun.com/pypi/simple/" }
dependencies = [
    { name = "numpy" },
]
sdist = { url = "https://mirrors.aliyun.com/pypi/packages/67/8a/51ff1c6287be0b6cd3070cf095875da4ff7d6eda38507e6ada5608786a78/opencv_python_headless-4.14.0.94.tar.gz", hash = "sha256:4afa2ea1214453648be88259f035712454faa9039b686de7753569ba8eec1577" }
wheels = [
    { url = "https://mirrors.aliyun.com/pypi/packages/9a/56/12f9b05628cf4ab6aad54479b9124f7c1f2f92b6a4e47c071beb63d926a2/opencv_python_headless-4.14.0.94-cp37-abi3-macosx_13_0_arm64.whl", hash = "sha256:bc7db37dc234f7bb3190a158fd9dd750357246fc7d8adb23698843ef721a993b" },
    { url = "https://mirrors.aliyun.com/pypi/packages/23/3b/2f9c42466f62aa27e97aaf6c9d914008895ecde28013ba4beed7f541f593/opencv_python_headless-4.14.0.94-cp37-abi3-macosx_14_0_x86_64.whl", hash = "sha256:1777f43c9fa064f54b916ad70d944b4fde0a644a17e49f04a966bb24a4b5f1e1" },
    { url = "https://mirrors.aliyun.com/pypi/packages/7d/91/83c51e3fe000b5dfce4f3be5c5d320e07ebab5c1742abc4e45674503f90f/opencv_python_headless-4.14.0.94-cp37-abi3-manylinux2014_aarch64.manylinux_2_17_aarch64.whl", hash = "sha256:29714d7716dbfddf9fec20ffb878765e94ccaecd7d3ebd6750877420296e2dc5" },
    { url = "https://mirrors.aliyun.com/pypi/packages/de/06/14c8c5d331bc72738683a9b227966aceaa4c6d08752f33d64578aebcb6f8/opencv_python_headless-4.14.0.94-cp37-abi3-manylinux2014_x86_64.manylinux_2_17_x86_64.whl", hash = "sha256:5e02669eac0ba67b2a22d7245af1e8ee1a2ef1185ee526a063d8f0555224bd52" },
    { url = "https://mirrors.aliyun.com/pypi/packages/3f/0e/0b98bd582582253f61c4506f9b465cf5a8aa7fa4f7237dd99e1b5151a159/opencv_python_headless-4.14.0.94-cp37-abi3-manylinux_2_28_aarch64.whl", hash = "sha256:97c6e818c6f71c0cfa214e12293b1d0266d679c38f4e086de08357c8ac6ece0d" },
    { url = "https://mirrors.aliyun.com/pypi/packages/ae/ce/7f538891722a4f06921419d55bac6f41729258d54442861edb2de0dbdf5e/opencv_python_headless-4.14.0.94-cp37-abi3-manylinux_2_28_x86_64.whl", hash = "sha256:211e581f5a4670acbbe08fff36a35e9946039d2eea28b80394632d036d1be527" },
    { url = "https://mirrors.aliyun.com/pypi/packages/e9/91/ded03abad74d7264fa6bc7c923d7cade6f94a9023eeb372cfad54c2d0334/opencv_python_headless-4.14.0.94-cp37-abi3-win32.whl", hash = "sha256:f70296aa7ac9d7ade0d925c43fdc006c83e20a23f30e2f40f1b82c74a7a54460" },
    { url = "https://mirrors.aliyun.com/pypi/packages/ad/8d/db8673846ee53cbb5de4c2b4decc11cf733e203eb7d5146297869f69bd48/opencv_python_headless-4.14.0.94-cp37-abi3-win_amd64.whl", hash = "sha256:cbed65415b8f6a9541c705afe3e64795840524d0ff3bc58f507826284a1dc64b" },
]

[[package]]
name = "packaging"
version = "26.3"
source = { registry = "https://mirrors.aliyun.com/pypi/simple/" }
sdist = { url = "https://mirrors.aliyun.com/pypi/packages/7d/fa/3944b40b07da9ce895c0e6303a5ab7d53da063554f534556b134a54d6093/packaging-26.3.tar.gz", hash = "sha256:94edc256424af38762eb31306eed28beb9f0efc50a8837492c9d6fd6004aed79" }
wheels = [
    { url = "https://mirrors.aliyun.com/pypi/packages/63/34/ba1c580383c9eada3711951fef0795c80b829a078d72188184bcab9dd527/packaging-26.3-py3-none-any.whl", hash = "sha256:d7193f7c8e4e93f444fde0262bf90af30e16fa0ad0ad44cb553c87339b23cd1c" },
]

[[package]]
name = "psycopg"
version = "3.3.5"
source = { registry = "https://mirrors.aliyun.com/pypi/simple/" }
dependencies = [
    { name = "typing-extensions", marker = "python_full_version < '3.13'" },
    { name = "tzdata", marker = "sys_platform == 'win32'" },
]
sdist = { url = "https://mirrors.aliyun.com/pypi/packages/72/73/8fb739d0f6bba247b9b93c9840c402a4f88545be5f1d4b02b23366371c00/psycopg-3.3.5.tar.gz", hash = "sha256:d0a3d9ccf5788af054cbd745278cb02401b5c312aeaafbf2c6144460aec47da4" }
wheels = [
    { url = "https://mirrors.aliyun.com/pypi/packages/3d/2e/d0a645bcaadde68bd6d93c43f02f14b0191bdda367ce3f7722abe3da744a/psycopg-3.3.5-py3-none-any.whl", hash = "sha256:ce5aa5cdb4f9379f00f487590e5890bfa7df9a164648c969ffa628505e21af4e" },
]

[package.optional-dependencies]
binary = [
    { name = "psycopg-binary", marker = "implementation_name != 'pypy'" },
]

[[package]]
name = "psycopg-binary"
version = "3.3.5"
source = { registry = "https://mirrors.aliyun.com/pypi/simple/" }
wheels = [
    { url = "https://mirrors.aliyun.com/pypi/packages/5e/83/ba396428a4fb6b70f0dd41315ad86a2c14441b7214afd47b2d49cb450b78/psycopg_binary-3.3.5-cp312-cp312-macosx_10_13_x86_64.whl", hash = "sha256:25105f9b46bdf2a30fcb67f56976ed66f6855941ae16bc024192609b917d493c" },
    { url = "https://mirrors.aliyun.com/pypi/packages/4f/56/b23c5978e55cf4effdc5a3e13a17d69a580a487993e01b7c3768dd24281c/psycopg_binary-3.3.5-cp312-cp312-macosx_11_0_arm64.whl", hash = "sha256:0249c3e960cdee686000eb77169fb6590105c05bacc37e057ccdffdcd8e6ebde" },
    { url = "https://mirrors.aliyun.com/pypi/packages/fd/d8/b41108bfe194b4098076c8b873b05ec2ca9582445eccfd9075970d7b948e/psycopg_binary-3.3.5-cp312-cp312-manylinux2014_ppc64le.manylinux_2_17_ppc64le.whl", hash = "sha256:5698ab5941a4d138c30fef858588e651fe7d583280cd6e41832825ad9e747750" },
    { url = "https://mirrors.aliyun.com/pypi/packages/21/d1/0f244dfef389e52e9dc3056f2a9033d1f6901e97d24d9a9c8b836e32ab6b/psycopg_binary-3.3.5-cp312-cp312-manylinux2014_x86_64.manylinux_2_17_x86_64.whl", hash = "sha256:682a17a57415c3ca1731eec018ed031f012ffcb81ba74806eb219cb396065672" },
    { url = "https://mirrors.aliyun.com/pypi/packages/31/88/a4781365f09807fb91435e2d00096f3f6ae5d06bce15ef3c3c385dc22772/psycopg_binary-3.3.5-cp312-cp312-manylinux_2_27_aarch64.manylinux_2_28_aarch64.whl", hash = "sha256:d2a61e8147902771df7efe14062a3c8736347850d0d8befcf048235752504f2e" },
    { url = "https://mirrors.aliyun.com/pypi/packages/65/f1/072c4a46287644694731b3e40fab120ebacf6d153cce7ebf7a5b208f5561/psycopg_binary-3.3.5-cp312-cp312-manylinux_2_38_riscv64.manylinux_2_39_riscv64.whl", hash = "sha256:f7e1e45aad410e20de45df2b159df68ff6c8dbf47a3501f806c4489b27f4ad2b" },
    { url = "https://mirrors.aliyun.com/pypi/packages/e2/d6/1776a95c16941b8bbce89407cc7cf9ea3fd557efb503a40873c9e2b6394f/psycopg_binary-3.3.5-cp312-cp312-musllinux_1_2_aarch64.whl", hash = "sha256:c09775c549b40b274206e1b043c5e5b5af39666e85c98382a30bd05d23ab677b" },
    { url = "https://mirrors.aliyun.com/pypi/packages/82/64/44ec87b9a74faebe966856307b65c0d35ee6321ce509cdd0e8d6a3f5338b/psycopg_binary-3.3.5-cp312-cp312-musllinux_1_2_ppc64le.whl", hash = "sha256:cf0e5e63ee86098299c673992053d556c489ba9ae6aca6cb6e24d16a8e0b09e6" },
    { url = "https://mirrors.aliyun.com/pypi/packages/24/88/cf181df5651395a80afc520f5fefac72beb035c0c9d58ab7fcc880c9b221/psycopg_binary-3.3.5-cp312-cp312-musllinux_1_2_riscv64.whl", hash = "sha256:c065531e8c1815276f50dbfa283e3a7f022671414cdda6fa9a16794dd53b28f9" },
    { url = "https://mirrors.aliyun.com/pypi/packages/43/1e/c72a1107647db4bb3f534c7fe1b57b1957d9c099e795f5aa81f4a2e0c312/psycopg_binary-3.3.5-cp312-cp312-musllinux_1_2_x86_64.whl", hash = "sha256:df9853b832b7b916e02ef68e0d5403a7dab2d5c1ddfe94f22b1b155eb862622f" },
    { url = "https://mirrors.aliyun.com/pypi/packages/03/8d/452620608cafff164737e20b42ebffee8151b865ee171ba0d6692a560a44/psycopg_binary-3.3.5-cp312-cp312-win_amd64.whl", hash = "sha256:35885e333020fc152d27bea1a494bef13b2e68f6fd92b6229015e93539152008" },
    { url = "https://mirrors.aliyun.com/pypi/packages/e0/1c/e718752cc63cf4e99e4a10fd36e3a3364dabdd0819484a24c0d79fbb9685/psycopg_binary-3.3.5-cp313-cp313-macosx_10_13_x86_64.whl", hash = "sha256:6e85d50b87257fb117675a19ee59daa7bf9a57f6431500adf7059df799232ef4" },
    { url = "https://mirrors.aliyun.com/pypi/packages/af/cf/a0e748e27c09b92738e4460582d121ba1908be3e36791e150f435e54b332/psycopg_binary-3.3.5-cp313-cp313-macosx_11_0_arm64.whl", hash = "sha256:e5becd311f9af8d180bad372f51fb2252fd02cb2073056e2b170c9274f95fe7f" },
    { url = "https://mirrors.aliyun.com/pypi/packages/39/62/0cbac0266d56c94dd1f702d9af2b5d54bf80b6e658048f4f2c5bd63dd7e3/psycopg_binary-3.3.5-cp313-cp313-manylinux2014_ppc64le.manylinux_2_17_ppc64le.whl", hash = "sha256:19e5bf9872dbd164c220567fd385ba2309c7d9df1541f78343510c6b0f36a1b7" },
    { url = "https://mirrors.aliyun.com/pypi/packages/fb/3a/73c6f8871f38fc07a9c0b4cbc9467beb116a2783cecf87dfa53900a396dc/psycopg_binary-3.3.5-cp313-cp313-manylinux2014_x86_64.manylinux_2_17_x86_64.whl", hash = "sha256:cb3b3bffebfe07110730626e76238161124f35ac87b748d663316a28d22f58b0" },
    { url = "https://mirrors.aliyun.com/pypi/packages/59/7b/9f17b9f4d297b774dc574199c4dcd02dadc32a00c4056265918de5c70635/psycopg_binary-3.3.5-cp313-cp313-manylinux_2_27_aarch64.manylinux_2_28_aarch64.whl", hash = "sha256:2111f880add40fb03c60556069ad68e884a0908a74d2debafc603caf93b73552" },
    { url = "https://mirrors.aliyun.com/pypi/packages/94/86/d84dadd94a004dbbb43ce0579f1f766fdc6b8cbef745090e24bea77b5283/psycopg_binary-3.3.5-cp313-cp313-manylinux_2_38_riscv64.manylinux_2_39_riscv64.whl", hash = "sha256:40505676b1526b9ea387dace034040a8c8b0bcf984cd6bd4720a2ab15e813586" },
    { url = "https://mirrors.aliyun.com/pypi/packages/30/d0/e5078be2c7d2490c0d6cd4cb7b3601aec44be2fa8b3fe927e9419b06004f/psycopg_binary-3.3.5-cp313-cp313-musllinux_1_2_aarch64.whl", hash = "sha256:5816472e3bb05615f33a741e0835043d1f4bf9709ff30d2f4aed71815cfc6b5e" },
    { url = "https://mirrors.aliyun.com/pypi/packages/f1/01/08dfb5b18fa482e025864fd91a022310d0782c42e4cf5dda5d0e010b6790/psycopg_binary-3.3.5-cp313-cp313-musllinux_1_2_ppc64le.whl", hash = "sha256:358748fc4c8ccdc0e2bdf55420494930e19c3ade586ea9c3a6de3dad1f897311" },
    { url = "https://mirrors.aliyun.com/pypi/packages/88/b9/cb01dc1d63f3241b49b2ca7fb9f98d0f5c76127f0dbb9440635a6ad0233e/psycopg_binary-3.3.5-cp313-cp313-musllinux_1_2_riscv64.whl", hash = "sha256:1ef2e498be47800f6202b9a2304c22646325ca6d54001b7c785bcfdb24a1e8ab" },
    { url = "https://mirrors.aliyun.com/pypi/packages/95/49/7c17dd832c05b380562ff2ff5f6ab2bcaeca8b7fff2c2b355854368a5bdb/psycopg_binary-3.3.5-cp313-cp313-musllinux_1_2_x86_64.whl", hash = "sha256:88e01aa2e938a45655a8a5213fc3a44ba78cb4cab8a569b3e0bcb3d1d0eaba16" },
    { url = "https://mirrors.aliyun.com/pypi/packages/7c/2c/b0b2f887185d6a2ec0b3bef948cc07656d2d1a5d96fa7f2bb03f6ef06ca4/psycopg_binary-3.3.5-cp313-cp313-win_amd64.whl", hash = "sha256:ba466011569297114449df9d523438e1adeedf3e4f31ffb78e897ec3fef3076b" },
    { url = "https://mirrors.aliyun.com/pypi/packages/46/7f/4e2395da194558533bd9c31f35e4dc58ecbbae6a7176b0d2f72d629e8a51/psycopg_binary-3.3.5-cp314-cp314-macosx_10_15_x86_64.whl", hash = "sha256:40f8b132c7243ef5f503f0b6f986bf16d38a51b0df1c6ba2577743f128be03e3" },
    { url = "https://mirrors.aliyun.com/pypi/packages/ae/94/fdb2093c8ccd7048449156db526ad746740cf34fe9c01e5dc1b7a7a8b257/psycopg_binary-3.3.5-cp314-cp314-macosx_11_0_arm64.whl", hash = "sha256:c0cac998b9b1e82dec853d2e53b3d34d56a525cf231f9441a636cfd5992929a9" },
    { url = "https://mirrors.aliyun.com/pypi/packages/31/52/5195e87960715f7be2005761b72d56fce4e7757d5333fd40384f071c2de1/psycopg_binary-3.3.5-cp314-cp314-manylinux2014_ppc64le.manylinux_2_17_ppc64le.whl", hash = "sha256:479b96fd78149cfa10369dc53fbfb89ee729be13146b584a23dbc7e164c0cf1e" },
    { url = "https://mirrors.aliyun.com/pypi/packages/f7/42/2d616210a91e1327516ed5ae71961aaa31bb740e4a61d7190f2221685a40/psycopg_binary-3.3.5-cp314-cp314-manylinux2014_x86_64.manylinux_2_17_x86_64.whl", hash = "sha256:f45d77e398542ce0937d9fa3cd9d84e9c5fc6b34c50a66404ae840bada312750" },
    { url = "https://mirrors.aliyun.com/pypi/packages/08/2e/e54b0d4cc263b3526e3728bb50a69660d5e79e52255ccd2a1a71e40e6f9a/psycopg_binary-3.3.5-cp314-cp314-manylinux_2_27_aarch64.manylinux_2_28_aarch64.whl", hash = "sha256:98a388509306e5e08a4203253ac52846bc1b034e5cbd0ae6da1211593cc28594" },
    { url = "https://mirrors.aliyun.com/pypi/packages/77/80/ec22a110f81a44c411965982097efeee86006bdd5a1f51f628318106c84c/psycopg_binary-3.3.5-cp314-cp314-manylinux_2_38_riscv64.manylinux_2_39_riscv64.whl", hash = "sha256:ab39e2794b95af61a2ff69e33e5ab6ac5df36e9ffea9a3b18e38b2aaca8c5ad5" },
    { url = "https://mirrors.aliyun.com/pypi/packages/93/55/7bc3c3ac769ab4fe0c619f2179b4aab3ae043f4d478283dd8279d24c0be4/psycopg_binary-3.3.5-cp314-cp314-musllinux_1_2_aarch64.whl", hash = "sha256:9c071bf78e5c2e6efa40bc9089a954d7b41221347a72f35c6bf2d8c96e632f75" },
    { url = "https://mirrors.aliyun.com/pypi/packages/a3/69/8e7414f7dc10b2959e664330cdcf393e412f67355975dafa876cef265264/psycopg_binary-3.3.5-cp314-cp314-musllinux_1_2_ppc64le.whl", hash = "sha256:14fdfd65a96ecbd8b586d14546105641f4a6ac7cbe335c786830ea4de94bbe60" },
    { url = "https://mirrors.aliyun.com/pypi/packages/c1/72/33f293c1d3ee9114f47e9ef4880f31c9de864e84a9b09454c26e106c25ed/psycopg_binary-3.3.5-cp314-cp314-musllinux_1_2_riscv64.whl", hash = "sha256:8dbd694f3741dd4ac5bc60b70e17f7841aefb3f0f38cef4d2756de270e03af43" },
    { url = "https://mirrors.aliyun.com/pypi/packages/b7/c9/8e38840e5a7d006987bbc9acb29951912253fa50549a4db92b3aa535f089/psycopg_binary-3.3.5-cp314-cp314-musllinux_1_2_x86_64.whl", hash = "sha256:14f432430fd9e1a9e7d9ab2fe14956c77f5d074ebdc556a1ad04e9a1bd3fca04" },
    { url = "https://mirrors.aliyun.com/pypi/packages/fc/c7/b7ebf601c307f93e7c4c4ebac0edc9db3b2729ca038efe700a18f86b5517/psycopg_binary-3.3.5-cp314-cp314-win_amd64.whl", hash = "sha256:df209e64674a34b41662c67fdc8b4e0ffd77d2136393790691d086a09f9a6cab" },
]

[[package]]
name = "ruff"
version = "0.16.7"
source = { registry = "https://mirrors.aliyun.com/pypi/simple/" }
sdist = { url = "https://mirrors.aliyun.com/pypi/packages/82/bb/5a449b9162e49b139d72f61672bd3ac1d790221f796d3304e2241fff4c58/ruff-0.16.7.tar.gz", hash = "sha256:5f71d004ac1263b22fa39462ac5ae618a4b77d58981af2cc79bf79a29c12b1a6" }
wheels = [
    { url = "https://mirrors.aliyun.com/pypi/packages/e3/b2/c80aeeb7f9e469c0d63a85d2f1ab6e1ebfbe10ea7a8d2438b7e09e3ff09e/ruff-0.16.7-py3-none-linux_armv6l.whl", hash = "sha256:727307773e7c7f9181d3ed3a2484186e56c1fa1874255911c74585eb2c7c19f9" },
    { url = "https://mirrors.aliyun.com/pypi/packages/7b/96/20bb7bcae008004df52afcb7ac83432d4a467f2c17b672fe46d26be231c5/ruff-0.16.7-py3-none-macosx_10_12_x86_64.whl", hash = "sha256:9d61c258deabf58f34c67bd4bb4d939c7f2e6b5f0e59c1cdd1cf771b11cde929" },
    { url = "https://mirrors.aliyun.com/pypi/packages/90/b2/f184b0d5abec02db69cfd7e49b688ae0237554528ca777136c613bf36bee/ruff-0.16.7-py3-none-macosx_11_0_arm64.whl", hash = "sha256:7ab81118df8945e0193d0240712aa4496573595b75185c3636ed825592a0f728" },
    { url = "https://mirrors.aliyun.com/pypi/packages/eb/2d/db1633a641866ed801e34cc6b60ef236c5e16f9b2124ab1d49cc24a5fe4f/ruff-0.16.7-py3-none-manylinux_2_17_aarch64.manylinux2014_aarch64.whl", hash = "sha256:4c196c968874fc8019da8e7163de7a1a370f111e2309b4b7dfea0fce950198d0" },
    { url = "https://mirrors.aliyun.com/pypi/packages/4d/98/edea21e1a3e38dbbc3bf6bb068b863b3b06184cf8533a4c7dbbe208a89d5/ruff-0.16.7-py3-none-manylinux_2_17_armv7l.manylinux2014_armv7l.whl", hash = "sha256:ac8c3bd0a7e10ad31e6ce51e7a99f3cb772e69aecdd6b9ea7e99b362f62a62c0" },
    { url = "https://mirrors.aliyun.com/pypi/packages/0b/11/a15e60d4c87b214646f116ca9d204475bf993ee1047459bc9a360fd4d6d1/ruff-0.16.7-py3-none-manylinux_2_17_i686.manylinux2014_i686.whl", hash = "sha256:398d3988edde000b5c75dc1b3f584708da9bc990de069c18909142580fec1af9" },
    { url = "https://mirrors.aliyun.com/pypi/packages/29/42/eaff4c9b6d0c7cdf56df313a17e89ae854f5bbc0b0c8f9cce19be0ab7a8f/ruff-0.16.7-py3-none-manylinux_2_17_ppc64le.manylinux2014_ppc64le.whl", hash = "sha256:ce05b62b770a8217c4646a9c4139fca00efe8fe5d71f87df2b243ff20d4584d1" },
    { url = "https://mirrors.aliyun.com/pypi/packages/5d/43/c75aa59a4ec181fe2ec06cab30e198c1c6d107229a9f008ae3a7c16cabd8/ruff-0.16.7-py3-none-manylinux_2_17_s390x.manylinux2014_s390x.whl", hash = "sha256:af1b576fddb9d9ef2ececfb5fadcd6a624b25070ed85e3cfcfe449fc3ff6a7b9" },
    { url = "https://mirrors.aliyun.com/pypi/packages/21/33/81f3da371942ea031105ba679d8d6e28ec1660ccd690a45f42d381161356/ruff-0.16.7-py3-none-manylinux_2_17_x86_64.manylinux2014_x86_64.whl", hash = "sha256:9ce7f8f22df67c93ed96c717f9128eadb797144ac2bad475cf536f31d6100c55" },
    { url = "https://mirrors.aliyun.com/pypi/packages/fa/0b/6345fb4dbf6dd0ed1cfe5d18391dc9c3f59cc81622a7b0a65b84b3e730ba/ruff-0.16.7-py3-none-manylinux_2_31_riscv64.whl", hash = "sha256:06d0e93d04f392996435ebd600c153f65b47d73fbec2415aa99c5ee5756b3a5f" },
    { url = "https://mirrors.aliyun.com/pypi/packages/3f/4d/c5576adf511f92a328e5569dda190ecdd430da51f1a649f3a4a2fd73e21e/ruff-0.16.7-py3-none-musllinux_1_2_aarch64.whl", hash = "sha256:142151a5e7b93c1b11111337142f89dd2fbfee92161225c99a97222f22e32656" },
    { url = "https://mirrors.aliyun.com/pypi/packages/ff/8c/667d83c16199a17a56adc6b0bd4c3beb5b767a2babcd16a56f76f9be7fd6/ruff-0.16.7-py3-none-musllinux_1_2_armv7l.whl", hash = "sha256:e6651f97a342d8b35d54d8991544ca22169b86dc54111cb604666940c431b750" },
    { url = "https://mirrors.aliyun.com/pypi/packages/99/75/78d401106731999a1dd20cc5a6961e37e1eb9397a3b589f73f3a5ce146a3/ruff-0.16.7-py3-none-musllinux_1_2_i686.whl", hash = "sha256:ef140c6eb935fa9a84c9c607dfb2cb1b85843c192e79265b0c54f35f557ea8e5" },
    { url = "https://mirrors.aliyun.com/pypi/packages/68/49/56f9c3a8b755df93a0ad318b2147bf4ef5dae9a7e5ec61c460109c67957f/ruff-0.16.7-py3-none-musllinux_1_2_x86_64.whl", hash = "sha256:53e39506a730fadeee0d998ed5946f30671f0db240c6c7c73bdabbe33604bb6f" },
    { url = "https://mirrors.aliyun.com/pypi/packages/5f/ea/7f9b938a63ece4bec677ad7f9f7fa02df3383db1949ed93a382441c09a87/ruff-0.16.7-py3-none-win32.whl", hash = "sha256:2ea3470fcebcbc5df2fb0c6f3b90333fa9084c534e0111c038fa4a6ab9f1c4b7" },
    { url = "https://mirrors.aliyun.com/pypi/packages/39/11/480a6973a927aa653e1cead6a6416008640e03a99d05b34c0434b8c6c366/ruff-0.16.7-py3-none-win_amd64.whl", hash = "sha256:7ac26aca826e9e21d0f1cb25b54ac660760a9fdd094d3e4df9848232be98cfc6" },
    { url = "https://mirrors.aliyun.com/pypi/packages/8b/4b/51327018d056f0dad2c2238f26d1fb0f53707a9d91b75dea6d1b3039f136/ruff-0.16.7-py3-none-win_arm64.whl", hash = "sha256:aab7f39e2c9df6c596216070f98eef1207b94f8516cca20c808826974971855b" },
]

[[package]]
name = "sqlparse"
version = "0.6.0"
source = { registry = "https://mirrors.aliyun.com/pypi/simple/" }
sdist = { url = "https://mirrors.aliyun.com/pypi/packages/5f/d3/3f06a1006f2261d1342aefb3c71eed02f5d4ca5bdbecd86ebc12ad38306e/sqlparse-0.6.0.tar.gz", hash = "sha256:113c35c75365ab9cc9c7231d68c6428fb11c085fc8e9eb1ad659b7ddbf6cd2b9" }
wheels = [
    { url = "https://mirrors.aliyun.com/pypi/packages/d9/50/f00935da0ec7cbf325f8dc4f772ae46fbc7b672dd62876e73f0a94adda57/sqlparse-0.6.0-py3-none-any.whl", hash = "sha256:b861c0288ce2fa56209a9a6412d2e066ac664b3873b89c26c9d8415e8e32996f" },
]

[[package]]
name = "typing-extensions"
version = "4.16.0"
source = { registry = "https://mirrors.aliyun.com/pypi/simple/" }
sdist = { url = "https://mirrors.aliyun.com/pypi/packages/f6/cc/6253133b5bb138fc3306cebfbda2c520f545d36b5be2c7255cc528bb45d6/typing_extensions-4.16.0.tar.gz", hash = "sha256:dc983d19a509c94dba722ee6abd33940f7c05a89e243c47e907eb4db6f1a43e5" }
wheels = [
    { url = "https://mirrors.aliyun.com/pypi/packages/49/d3/b8441a820a491ddfc024b0b0cf0393375b75ea13866d9c66727e54c2fc80/typing_extensions-4.16.0-py3-none-any.whl", hash = "sha256:481caa481374e813c1b176ada14e97f1f67a4539ce9cfeb3f350d78d6370c2e8" },
]

[[package]]
name = "tzdata"
version = "2026.4"
source = { registry = "https://mirrors.aliyun.com/pypi/simple/" }
sdist = { url = "https://mirrors.aliyun.com/pypi/packages/e4/31/3d74fa778a63b98b7374323befcc0be5ab3bd94afd4096a0124e7379152c/tzdata-2026.4.tar.gz", hash = "sha256:f1b8bd365d8d210c55353f4d7f8d6d8561c0ba50d704b700d195a9424bba0d79" }
wheels = [
    { url = "https://mirrors.aliyun.com/pypi/packages/f9/bc/8737e8d54cf51106118039b83f485a4783112fab49ea9d044b234978a46e/tzdata-2026.4-py2.py3-none-any.whl", hash = "sha256:c2169a8b0a7a5e9674da5a135ccdfb2b3e671b333ed9fed17b41f73c34476e81" },
]
